{
  "name": "Remixing-with-React",
  "version": "1.0.0",
  "lockfileVersion": 2,
  "requires": true,
  "packages": {
    "": {
      "version": "1.0.0",
      "license": "ISC",
      "dependencies": {
        "reactdom": "^2.0.0"
      }
    },
    "node_modules/reactdom": {
      "version": "2.0.0",
      "resolved": "https://registry.npmjs.org/reactdom/-/reactdom-2.0.0.tgz",
      "integrity": "sha512-uMNDdGgUECyHQwuVyt3HBAjFt07U+rKy1zFN56skgcPt7/PODbLN7OkMCevgwkX3LsGalA4/757DSVp6DX4dzA==",
      "deprecated": "Package no longer supported. Contact support@npmjs.com for more info."
    }
  },
  "dependencies": {
    "reactdom": {
      "version": "2.0.0",
      "resolved": "https://registry.npmjs.org/reactdom/-/reactdom-2.0.0.tgz",
      "integrity": "sha512-uMNDdGgUECyHQwuVyt3HBAjFt07U+rKy1zFN56skgcPt7/PODbLN7OkMCevgwkX3LsGalA4/757DSVp6DX4dzA=="
    }
  }
}
